
Microsoft Visual Studio Solution File, Format Version 12.00
# Visual Studio Version 17
VisualStudioVersion = 17.11.35431.28
MinimumVisualStudioVersion = 10.0.40219.1
Project("{FAE04EC0-301F-11D3-BF4B-00C04F79EFBC}") = "RealEstateGui", "RealEstateGui\RealEstateGui.csproj", "{67699D73-66C2-4C35-ADF3-5FD7697A7AFF}"
EndProject
Global
	GlobalSection(SolutionConfigurationPlatforms) = preSolution
		Debug|Any CPU = Debug|Any CPU
		Release|Any CPU = Release|Any CPU
	EndGlobalSection
	GlobalSection(ProjectConfigurationPlatforms) = postSolution
		{67699D73-66C2-4C35-ADF3-5FD7697A7AFF}.Debug|Any CPU.ActiveCfg = Debug|Any CPU
		{67699D73-66C2-4C35-ADF3-5FD7697A7AFF}.Debug|Any CPU.Build.0 = Debug|Any CPU
		{67699D73-66C2-4C35-ADF3-5FD7697A7AFF}.Release|Any CPU.ActiveCfg = Release|Any CPU
		{67699D73-66C2-4C35-ADF3-5FD7697A7AFF}.Release|Any CPU.Build.0 = Release|Any CPU
	EndGlobalSection
	GlobalSection(SolutionProperties) = preSolution
		HideSolutionNode = FALSE
	EndGlobalSection
	GlobalSection(ExtensibilityGlobals) = postSolution
		SolutionGuid = {C4D8693C-8A77-4D5F-A5B9-DA204F63F401}
	EndGlobalSection
EndGlobal
