
Microsoft Visual Studio Solution File, Format Version 12.00
# Visual Studio Version 17
VisualStudioVersion = 17.10.35027.167
MinimumVisualStudioVersion = 10.0.40219.1
Project("{FAE04EC0-301F-11D3-BF4B-00C04F79EFBC}") = "Dolgozat20251125", "Dolgozat20251125.csproj", "{A7DE758E-7B6F-480E-A675-D17E77F0D59A}"
EndProject
Global
	GlobalSection(SolutionConfigurationPlatforms) = preSolution
		Debug|Any CPU = Debug|Any CPU
		Release|Any CPU = Release|Any CPU
	EndGlobalSection
	GlobalSection(ProjectConfigurationPlatforms) = postSolution
		{A7DE758E-7B6F-480E-A675-D17E77F0D59A}.Debug|Any CPU.ActiveCfg = Debug|Any CPU
		{A7DE758E-7B6F-480E-A675-D17E77F0D59A}.Debug|Any CPU.Build.0 = Debug|Any CPU
		{A7DE758E-7B6F-480E-A675-D17E77F0D59A}.Release|Any CPU.ActiveCfg = Release|Any CPU
		{A7DE758E-7B6F-480E-A675-D17E77F0D59A}.Release|Any CPU.Build.0 = Release|Any CPU
	EndGlobalSection
	GlobalSection(SolutionProperties) = preSolution
		HideSolutionNode = FALSE
	EndGlobalSection
	GlobalSection(ExtensibilityGlobals) = postSolution
		SolutionGuid = {091BAE44-519C-42F8-93BA-5A3CCD25FAEA}
	EndGlobalSection
EndGlobal
