
Microsoft Visual Studio Solution File, Format Version 12.00
# Visual Studio Version 17
VisualStudioVersion = 17.11.35431.28
MinimumVisualStudioVersion = 10.0.40219.1
Project("{FAE04EC0-301F-11D3-BF4B-00C04F79EFBC}") = "SportStatisztika", "SportStatisztika\SportStatisztika.csproj", "{C74169A1-F180-4047-84E6-769D2068DE25}"
EndProject
Global
	GlobalSection(SolutionConfigurationPlatforms) = preSolution
		Debug|Any CPU = Debug|Any CPU
		Release|Any CPU = Release|Any CPU
	EndGlobalSection
	GlobalSection(ProjectConfigurationPlatforms) = postSolution
		{C74169A1-F180-4047-84E6-769D2068DE25}.Debug|Any CPU.ActiveCfg = Debug|Any CPU
		{C74169A1-F180-4047-84E6-769D2068DE25}.Debug|Any CPU.Build.0 = Debug|Any CPU
		{C74169A1-F180-4047-84E6-769D2068DE25}.Release|Any CPU.ActiveCfg = Release|Any CPU
		{C74169A1-F180-4047-84E6-769D2068DE25}.Release|Any CPU.Build.0 = Release|Any CPU
	EndGlobalSection
	GlobalSection(SolutionProperties) = preSolution
		HideSolutionNode = FALSE
	EndGlobalSection
	GlobalSection(ExtensibilityGlobals) = postSolution
		SolutionGuid = {2991708F-CB95-403A-8D40-2A26AD018FCC}
	EndGlobalSection
EndGlobal
