<<<<<<< HEAD
﻿
Microsoft Visual Studio Solution File, Format Version 12.00
# Visual Studio Version 17
VisualStudioVersion = 17.14.36511.14 d17.14
MinimumVisualStudioVersion = 10.0.40219.1
Project("{FAE04EC0-301F-11D3-BF4B-00C04F79EFBC}") = "Kiadás", "Kiadás.csproj", "{C7500DF6-A73A-4710-B8D1-C46E1DA23584}"
EndProject
Global
	GlobalSection(SolutionConfigurationPlatforms) = preSolution
		Debug|Any CPU = Debug|Any CPU
		Release|Any CPU = Release|Any CPU
	EndGlobalSection
	GlobalSection(ProjectConfigurationPlatforms) = postSolution
		{C7500DF6-A73A-4710-B8D1-C46E1DA23584}.Debug|Any CPU.ActiveCfg = Debug|Any CPU
		{C7500DF6-A73A-4710-B8D1-C46E1DA23584}.Debug|Any CPU.Build.0 = Debug|Any CPU
		{C7500DF6-A73A-4710-B8D1-C46E1DA23584}.Release|Any CPU.ActiveCfg = Release|Any CPU
		{C7500DF6-A73A-4710-B8D1-C46E1DA23584}.Release|Any CPU.Build.0 = Release|Any CPU
	EndGlobalSection
	GlobalSection(SolutionProperties) = preSolution
		HideSolutionNode = FALSE
	EndGlobalSection
	GlobalSection(ExtensibilityGlobals) = postSolution
		SolutionGuid = {4145974B-47FF-42E2-8E9B-8C176547EDEE}
	EndGlobalSection
EndGlobal
=======
﻿
Microsoft Visual Studio Solution File, Format Version 12.00
# Visual Studio Version 17
VisualStudioVersion = 17.14.36511.14 d17.14
MinimumVisualStudioVersion = 10.0.40219.1
Project("{FAE04EC0-301F-11D3-BF4B-00C04F79EFBC}") = "Kiadás", "Kiadás.csproj", "{C7500DF6-A73A-4710-B8D1-C46E1DA23584}"
EndProject
Global
	GlobalSection(SolutionConfigurationPlatforms) = preSolution
		Debug|Any CPU = Debug|Any CPU
		Release|Any CPU = Release|Any CPU
	EndGlobalSection
	GlobalSection(ProjectConfigurationPlatforms) = postSolution
		{C7500DF6-A73A-4710-B8D1-C46E1DA23584}.Debug|Any CPU.ActiveCfg = Debug|Any CPU
		{C7500DF6-A73A-4710-B8D1-C46E1DA23584}.Debug|Any CPU.Build.0 = Debug|Any CPU
		{C7500DF6-A73A-4710-B8D1-C46E1DA23584}.Release|Any CPU.ActiveCfg = Release|Any CPU
		{C7500DF6-A73A-4710-B8D1-C46E1DA23584}.Release|Any CPU.Build.0 = Release|Any CPU
	EndGlobalSection
	GlobalSection(SolutionProperties) = preSolution
		HideSolutionNode = FALSE
	EndGlobalSection
	GlobalSection(ExtensibilityGlobals) = postSolution
		SolutionGuid = {4145974B-47FF-42E2-8E9B-8C176547EDEE}
	EndGlobalSection
EndGlobal
>>>>>>> 508682966dc1c50aeb4017a64c1f9d921eaa4e6d
