
Microsoft Visual Studio Solution File, Format Version 12.00
# Visual Studio Version 17
VisualStudioVersion = 17.14.36511.14 d17.14
MinimumVisualStudioVersion = 10.0.40219.1
Project("{FAE04EC0-301F-11D3-BF4B-00C04F79EFBC}") = "Autoapp", "Autoapp.csproj", "{42590BF3-D5FE-4C9B-8957-8013FBFD01F9}"
EndProject
Global
	GlobalSection(SolutionConfigurationPlatforms) = preSolution
		Debug|Any CPU = Debug|Any CPU
		Release|Any CPU = Release|Any CPU
	EndGlobalSection
	GlobalSection(ProjectConfigurationPlatforms) = postSolution
		{42590BF3-D5FE-4C9B-8957-8013FBFD01F9}.Debug|Any CPU.ActiveCfg = Debug|Any CPU
		{42590BF3-D5FE-4C9B-8957-8013FBFD01F9}.Debug|Any CPU.Build.0 = Debug|Any CPU
		{42590BF3-D5FE-4C9B-8957-8013FBFD01F9}.Release|Any CPU.ActiveCfg = Release|Any CPU
		{42590BF3-D5FE-4C9B-8957-8013FBFD01F9}.Release|Any CPU.Build.0 = Release|Any CPU
	EndGlobalSection
	GlobalSection(SolutionProperties) = preSolution
		HideSolutionNode = FALSE
	EndGlobalSection
	GlobalSection(ExtensibilityGlobals) = postSolution
		SolutionGuid = {C5EBD0F9-9C50-4C72-AF7F-F91C88157C85}
	EndGlobalSection
EndGlobal
