
Microsoft Visual Studio Solution File, Format Version 12.00
# Visual Studio Version 17
VisualStudioVersion = 17.11.35431.28
MinimumVisualStudioVersion = 10.0.40219.1
Project("{FAE04EC0-301F-11D3-BF4B-00C04F79EFBC}") = "GalatikusKereskedelem", "GalatikusKereskedelem\GalatikusKereskedelem.csproj", "{05071BBA-4662-47C1-9560-83C574FC8692}"
EndProject
Global
	GlobalSection(SolutionConfigurationPlatforms) = preSolution
		Debug|Any CPU = Debug|Any CPU
		Release|Any CPU = Release|Any CPU
	EndGlobalSection
	GlobalSection(ProjectConfigurationPlatforms) = postSolution
		{05071BBA-4662-47C1-9560-83C574FC8692}.Debug|Any CPU.ActiveCfg = Debug|Any CPU
		{05071BBA-4662-47C1-9560-83C574FC8692}.Debug|Any CPU.Build.0 = Debug|Any CPU
		{05071BBA-4662-47C1-9560-83C574FC8692}.Release|Any CPU.ActiveCfg = Release|Any CPU
		{05071BBA-4662-47C1-9560-83C574FC8692}.Release|Any CPU.Build.0 = Release|Any CPU
	EndGlobalSection
	GlobalSection(SolutionProperties) = preSolution
		HideSolutionNode = FALSE
	EndGlobalSection
	GlobalSection(ExtensibilityGlobals) = postSolution
		SolutionGuid = {1E029D43-F1E5-43E7-BB7D-E94F3E1A71F9}
	EndGlobalSection
EndGlobal
