
Microsoft Visual Studio Solution File, Format Version 12.00
# Visual Studio Version 17
VisualStudioVersion = 17.14.36705.20 d17.14
MinimumVisualStudioVersion = 10.0.40219.1
Project("{FAE04EC0-301F-11D3-BF4B-00C04F79EFBC}") = "Mozi", "Mozi.csproj", "{01AFDEAF-2E7E-4A32-B362-026CAB50F031}"
EndProject
Global
	GlobalSection(SolutionConfigurationPlatforms) = preSolution
		Debug|Any CPU = Debug|Any CPU
		Release|Any CPU = Release|Any CPU
	EndGlobalSection
	GlobalSection(ProjectConfigurationPlatforms) = postSolution
		{01AFDEAF-2E7E-4A32-B362-026CAB50F031}.Debug|Any CPU.ActiveCfg = Debug|Any CPU
		{01AFDEAF-2E7E-4A32-B362-026CAB50F031}.Debug|Any CPU.Build.0 = Debug|Any CPU
		{01AFDEAF-2E7E-4A32-B362-026CAB50F031}.Release|Any CPU.ActiveCfg = Release|Any CPU
		{01AFDEAF-2E7E-4A32-B362-026CAB50F031}.Release|Any CPU.Build.0 = Release|Any CPU
	EndGlobalSection
	GlobalSection(SolutionProperties) = preSolution
		HideSolutionNode = FALSE
	EndGlobalSection
	GlobalSection(ExtensibilityGlobals) = postSolution
		SolutionGuid = {70F40BBC-8B90-441C-8C8C-EF0CE7B96D2E}
	EndGlobalSection
EndGlobal
