
Microsoft Visual Studio Solution File, Format Version 12.00
# Visual Studio Version 17
VisualStudioVersion = 17.10.35027.167
MinimumVisualStudioVersion = 10.0.40219.1
Project("{FAE04EC0-301F-11D3-BF4B-00C04F79EFBC}") = "Classing", "Classing.csproj", "{A86941AF-3DDB-44A7-A89D-752144DC0A6D}"
EndProject
Global
	GlobalSection(SolutionConfigurationPlatforms) = preSolution
		Debug|Any CPU = Debug|Any CPU
		Release|Any CPU = Release|Any CPU
	EndGlobalSection
	GlobalSection(ProjectConfigurationPlatforms) = postSolution
		{A86941AF-3DDB-44A7-A89D-752144DC0A6D}.Debug|Any CPU.ActiveCfg = Debug|Any CPU
		{A86941AF-3DDB-44A7-A89D-752144DC0A6D}.Debug|Any CPU.Build.0 = Debug|Any CPU
		{A86941AF-3DDB-44A7-A89D-752144DC0A6D}.Release|Any CPU.ActiveCfg = Release|Any CPU
		{A86941AF-3DDB-44A7-A89D-752144DC0A6D}.Release|Any CPU.Build.0 = Release|Any CPU
	EndGlobalSection
	GlobalSection(SolutionProperties) = preSolution
		HideSolutionNode = FALSE
	EndGlobalSection
	GlobalSection(ExtensibilityGlobals) = postSolution
		SolutionGuid = {45BF83D9-A77C-46A3-91F1-10BCFACF6DCE}
	EndGlobalSection
EndGlobal
