
Microsoft Visual Studio Solution File, Format Version 12.00
# Visual Studio Version 17
VisualStudioVersion = 17.5.2.0
MinimumVisualStudioVersion = 10.0.40219.1
Project("{FAE04EC0-301F-11D3-BF4B-00C04F79EFBC}") = "Könyvtár", "Könyvtár.csproj", "{2A9B037E-A247-6AEB-DD37-D956B70CF1DE}"
EndProject
Global
	GlobalSection(SolutionConfigurationPlatforms) = preSolution
		Debug|Any CPU = Debug|Any CPU
		Release|Any CPU = Release|Any CPU
	EndGlobalSection
	GlobalSection(ProjectConfigurationPlatforms) = postSolution
		{2A9B037E-A247-6AEB-DD37-D956B70CF1DE}.Debug|Any CPU.ActiveCfg = Debug|Any CPU
		{2A9B037E-A247-6AEB-DD37-D956B70CF1DE}.Debug|Any CPU.Build.0 = Debug|Any CPU
		{2A9B037E-A247-6AEB-DD37-D956B70CF1DE}.Release|Any CPU.ActiveCfg = Release|Any CPU
		{2A9B037E-A247-6AEB-DD37-D956B70CF1DE}.Release|Any CPU.Build.0 = Release|Any CPU
	EndGlobalSection
	GlobalSection(SolutionProperties) = preSolution
		HideSolutionNode = FALSE
	EndGlobalSection
	GlobalSection(ExtensibilityGlobals) = postSolution
		SolutionGuid = {3447EC01-8E0C-4B6E-86C1-9624EF27C4FC}
	EndGlobalSection
EndGlobal
