
Microsoft Visual Studio Solution File, Format Version 12.00
# Visual Studio Version 17
VisualStudioVersion = 17.14.36908.2 d17.14
MinimumVisualStudioVersion = 10.0.40219.1
Project("{FAE04EC0-301F-11D3-BF4B-00C04F79EFBC}") = "Alcoholism", "Alcoholism.csproj", "{A53168E3-5072-45D0-8176-E33D2FC5B3FA}"
EndProject
Global
	GlobalSection(SolutionConfigurationPlatforms) = preSolution
		Debug|Any CPU = Debug|Any CPU
		Release|Any CPU = Release|Any CPU
	EndGlobalSection
	GlobalSection(ProjectConfigurationPlatforms) = postSolution
		{A53168E3-5072-45D0-8176-E33D2FC5B3FA}.Debug|Any CPU.ActiveCfg = Debug|Any CPU
		{A53168E3-5072-45D0-8176-E33D2FC5B3FA}.Debug|Any CPU.Build.0 = Debug|Any CPU
		{A53168E3-5072-45D0-8176-E33D2FC5B3FA}.Release|Any CPU.ActiveCfg = Release|Any CPU
		{A53168E3-5072-45D0-8176-E33D2FC5B3FA}.Release|Any CPU.Build.0 = Release|Any CPU
	EndGlobalSection
	GlobalSection(SolutionProperties) = preSolution
		HideSolutionNode = FALSE
	EndGlobalSection
	GlobalSection(ExtensibilityGlobals) = postSolution
		SolutionGuid = {2DF19122-69FD-4ACA-90FF-82315A31BE47}
	EndGlobalSection
EndGlobal
