
Microsoft Visual Studio Solution File, Format Version 12.00
# Visual Studio Version 17
VisualStudioVersion = 17.14.36705.20 d17.14
MinimumVisualStudioVersion = 10.0.40219.1
Project("{FAE04EC0-301F-11D3-BF4B-00C04F79EFBC}") = "BookCatalog", "BookCatalog.csproj", "{F17B49F4-B8E2-4E40-82EB-7FF6452C221C}"
EndProject
Global
	GlobalSection(SolutionConfigurationPlatforms) = preSolution
		Debug|Any CPU = Debug|Any CPU
		Release|Any CPU = Release|Any CPU
	EndGlobalSection
	GlobalSection(ProjectConfigurationPlatforms) = postSolution
		{F17B49F4-B8E2-4E40-82EB-7FF6452C221C}.Debug|Any CPU.ActiveCfg = Debug|Any CPU
		{F17B49F4-B8E2-4E40-82EB-7FF6452C221C}.Debug|Any CPU.Build.0 = Debug|Any CPU
		{F17B49F4-B8E2-4E40-82EB-7FF6452C221C}.Release|Any CPU.ActiveCfg = Release|Any CPU
		{F17B49F4-B8E2-4E40-82EB-7FF6452C221C}.Release|Any CPU.Build.0 = Release|Any CPU
	EndGlobalSection
	GlobalSection(SolutionProperties) = preSolution
		HideSolutionNode = FALSE
	EndGlobalSection
	GlobalSection(ExtensibilityGlobals) = postSolution
		SolutionGuid = {0DFC5BF6-0C29-41B2-9AE7-3DDA7D3849D4}
	EndGlobalSection
EndGlobal
