
Microsoft Visual Studio Solution File, Format Version 12.00
# Visual Studio Version 17
VisualStudioVersion = 17.14.36717.8 d17.14
MinimumVisualStudioVersion = 10.0.40219.1
Project("{FAE04EC0-301F-11D3-BF4B-00C04F79EFBC}") = "Test", "Test.csproj", "{000BF522-E206-402A-9BC9-B2877488086A}"
EndProject
Global
	GlobalSection(SolutionConfigurationPlatforms) = preSolution
		Debug|Any CPU = Debug|Any CPU
		Release|Any CPU = Release|Any CPU
	EndGlobalSection
	GlobalSection(ProjectConfigurationPlatforms) = postSolution
		{000BF522-E206-402A-9BC9-B2877488086A}.Debug|Any CPU.ActiveCfg = Debug|Any CPU
		{000BF522-E206-402A-9BC9-B2877488086A}.Debug|Any CPU.Build.0 = Debug|Any CPU
		{000BF522-E206-402A-9BC9-B2877488086A}.Release|Any CPU.ActiveCfg = Release|Any CPU
		{000BF522-E206-402A-9BC9-B2877488086A}.Release|Any CPU.Build.0 = Release|Any CPU
	EndGlobalSection
	GlobalSection(SolutionProperties) = preSolution
		HideSolutionNode = FALSE
	EndGlobalSection
	GlobalSection(ExtensibilityGlobals) = postSolution
		SolutionGuid = {EA8AFF53-7D5B-4FF6-B3F5-D1D0B058AAEF}
	EndGlobalSection
EndGlobal
