
Microsoft Visual Studio Solution File, Format Version 12.00
# Visual Studio Version 17
VisualStudioVersion = 17.10.35027.167
MinimumVisualStudioVersion = 10.0.40219.1
Project("{FAE04EC0-301F-11D3-BF4B-00C04F79EFBC}") = "Kersekedelmi", "Kersekedelmi.csproj", "{BE38EA70-77D9-4059-8199-1233D7AB5189}"
EndProject
Global
	GlobalSection(SolutionConfigurationPlatforms) = preSolution
		Debug|Any CPU = Debug|Any CPU
		Release|Any CPU = Release|Any CPU
	EndGlobalSection
	GlobalSection(ProjectConfigurationPlatforms) = postSolution
		{BE38EA70-77D9-4059-8199-1233D7AB5189}.Debug|Any CPU.ActiveCfg = Debug|Any CPU
		{BE38EA70-77D9-4059-8199-1233D7AB5189}.Debug|Any CPU.Build.0 = Debug|Any CPU
		{BE38EA70-77D9-4059-8199-1233D7AB5189}.Release|Any CPU.ActiveCfg = Release|Any CPU
		{BE38EA70-77D9-4059-8199-1233D7AB5189}.Release|Any CPU.Build.0 = Release|Any CPU
	EndGlobalSection
	GlobalSection(SolutionProperties) = preSolution
		HideSolutionNode = FALSE
	EndGlobalSection
	GlobalSection(ExtensibilityGlobals) = postSolution
		SolutionGuid = {6BF00F7A-C6A8-4D93-92EE-7D176DB1AF77}
	EndGlobalSection
EndGlobal
