
Microsoft Visual Studio Solution File, Format Version 12.00
# Visual Studio Version 17
VisualStudioVersion = 17.14.36717.8 d17.14
MinimumVisualStudioVersion = 10.0.40219.1
Project("{FAE04EC0-301F-11D3-BF4B-00C04F79EFBC}") = "SQLProgram", "SQLProgram.csproj", "{C6136378-DA59-4D02-AD48-D880D3F72ACA}"
EndProject
Global
	GlobalSection(SolutionConfigurationPlatforms) = preSolution
		Debug|Any CPU = Debug|Any CPU
		Release|Any CPU = Release|Any CPU
	EndGlobalSection
	GlobalSection(ProjectConfigurationPlatforms) = postSolution
		{C6136378-DA59-4D02-AD48-D880D3F72ACA}.Debug|Any CPU.ActiveCfg = Debug|Any CPU
		{C6136378-DA59-4D02-AD48-D880D3F72ACA}.Debug|Any CPU.Build.0 = Debug|Any CPU
		{C6136378-DA59-4D02-AD48-D880D3F72ACA}.Release|Any CPU.ActiveCfg = Release|Any CPU
		{C6136378-DA59-4D02-AD48-D880D3F72ACA}.Release|Any CPU.Build.0 = Release|Any CPU
	EndGlobalSection
	GlobalSection(SolutionProperties) = preSolution
		HideSolutionNode = FALSE
	EndGlobalSection
	GlobalSection(ExtensibilityGlobals) = postSolution
		SolutionGuid = {DFF2443C-BE84-4D6C-9CA2-D70ACBE52367}
	EndGlobalSection
EndGlobal
