
Microsoft Visual Studio Solution File, Format Version 12.00
# Visual Studio Version 17
VisualStudioVersion = 17.11.35431.28
MinimumVisualStudioVersion = 10.0.40219.1
Project("{FAE04EC0-301F-11D3-BF4B-00C04F79EFBC}") = "Függőhidal", "Függőhidal\Függőhidal.csproj", "{A594E3A8-69E4-44DA-8E45-BEAE431904BB}"
EndProject
Global
	GlobalSection(SolutionConfigurationPlatforms) = preSolution
		Debug|Any CPU = Debug|Any CPU
		Release|Any CPU = Release|Any CPU
	EndGlobalSection
	GlobalSection(ProjectConfigurationPlatforms) = postSolution
		{A594E3A8-69E4-44DA-8E45-BEAE431904BB}.Debug|Any CPU.ActiveCfg = Debug|Any CPU
		{A594E3A8-69E4-44DA-8E45-BEAE431904BB}.Debug|Any CPU.Build.0 = Debug|Any CPU
		{A594E3A8-69E4-44DA-8E45-BEAE431904BB}.Release|Any CPU.ActiveCfg = Release|Any CPU
		{A594E3A8-69E4-44DA-8E45-BEAE431904BB}.Release|Any CPU.Build.0 = Release|Any CPU
	EndGlobalSection
	GlobalSection(SolutionProperties) = preSolution
		HideSolutionNode = FALSE
	EndGlobalSection
	GlobalSection(ExtensibilityGlobals) = postSolution
		SolutionGuid = {49C2CC66-63BB-4B0F-AF33-F68F5F98D268}
	EndGlobalSection
EndGlobal
